
Microsoft Visual Studio Solution File, Format Version 12.00
# Visual Studio Version 17
VisualStudioVersion = 17.5.002.0
MinimumVisualStudioVersion = 10.0.40219.1
Project("{9A19103F-16F7-4668-BE54-9A1E7A4F7556}") = "DictProps", "DictProps.csproj", "{5FFC1C79-14BE-466E-83F0-42ED973E33F4}"
EndProject
Global
	GlobalSection(SolutionConfigurationPlatforms) = preSolution
		Debug|Any CPU = Debug|Any CPU
		Release|Any CPU = Release|Any CPU
	EndGlobalSection
	GlobalSection(ProjectConfigurationPlatforms) = postSolution
		{5FFC1C79-14BE-466E-83F0-42ED973E33F4}.Debug|Any CPU.ActiveCfg = Debug|Any CPU
		{5FFC1C79-14BE-466E-83F0-42ED973E33F4}.Debug|Any CPU.Build.0 = Debug|Any CPU
		{5FFC1C79-14BE-466E-83F0-42ED973E33F4}.Release|Any CPU.ActiveCfg = Release|Any CPU
		{5FFC1C79-14BE-466E-83F0-42ED973E33F4}.Release|Any CPU.Build.0 = Release|Any CPU
	EndGlobalSection
	GlobalSection(SolutionProperties) = preSolution
		HideSolutionNode = FALSE
	EndGlobalSection
	GlobalSection(ExtensibilityGlobals) = postSolution
		SolutionGuid = {DB88C731-94E1-4E77-9598-F3FD87AF95A4}
	EndGlobalSection
EndGlobal
